// !$*UTF8*$!
{
	archiveVersion = 1;
	classes = {
	};
	objectVersion = 56;
	objects = {

/* Begin PBXBuildFile section */
		4071D6792B4D929B008D4662 /* FMDatabase.m in Sources */ = {isa = PBXBuildFile; fileRef = 4071D66F2B4D929B008D4662 /* FMDatabase.m */; };
		4071D67A2B4D929B008D4662 /* FMDatabaseQueue.m in Sources */ = {isa = PBXBuildFile; fileRef = 4071D6702B4D929B008D4662 /* FMDatabaseQueue.m */; };
		4071D67B2B4D929B008D4662 /* FMDatabasePool.m in Sources */ = {isa = PBXBuildFile; fileRef = 4071D6732B4D929B008D4662 /* FMDatabasePool.m */; };
		4071D67C2B4D929B008D4662 /* FMResultSet.m in Sources */ = {isa = PBXBuildFile; fileRef = 4071D6762B4D929B008D4662 /* FMResultSet.m */; };
		4071D67D2B4D929B008D4662 /* FMDatabaseAdditions.m in Sources */ = {isa = PBXBuildFile; fileRef = 4071D6782B4D929B008D4662 /* FMDatabaseAdditions.m */; };
		4071D6812B4DDCA6008D4662 /* directory.sqlite in Resources */ = {isa = PBXBuildFile; fileRef = 4071D6802B4DDCA6008D4662 /* directory.sqlite */; };
		40C3C3652B3C635200CE9505 /* AppDelegate.swift in Sources */ = {isa = PBXBuildFile; fileRef = 40C3C3642B3C635200CE9505 /* AppDelegate.swift */; };
		40C3C3672B3C635200CE9505 /* SceneDelegate.swift in Sources */ = {isa = PBXBuildFile; fileRef = 40C3C3662B3C635200CE9505 /* SceneDelegate.swift */; };
		40C3C3692B3C635200CE9505 /* HomePage.swift in Sources */ = {isa = PBXBuildFile; fileRef = 40C3C3682B3C635200CE9505 /* HomePage.swift */; };
		40C3C36C2B3C635200CE9505 /* Main.storyboard in Resources */ = {isa = PBXBuildFile; fileRef = 40C3C36A2B3C635200CE9505 /* Main.storyboard */; };
		40C3C36E2B3C635300CE9505 /* Assets.xcassets in Resources */ = {isa = PBXBuildFile; fileRef = 40C3C36D2B3C635300CE9505 /* Assets.xcassets */; };
		40C3C3712B3C635300CE9505 /* LaunchScreen.storyboard in Resources */ = {isa = PBXBuildFile; fileRef = 40C3C36F2B3C635300CE9505 /* LaunchScreen.storyboard */; };
		40C3C37D2B3C648400CE9505 /* PersonRegistration.swift in Sources */ = {isa = PBXBuildFile; fileRef = 40C3C37C2B3C648400CE9505 /* PersonRegistration.swift */; };
		40C3C37F2B3C64A400CE9505 /* PersonDetail.swift in Sources */ = {isa = PBXBuildFile; fileRef = 40C3C37E2B3C64A400CE9505 /* PersonDetail.swift */; };
		40C3C3812B3C654800CE9505 /* Persons.swift in Sources */ = {isa = PBXBuildFile; fileRef = 40C3C3802B3C654800CE9505 /* Persons.swift */; };
		40C3C3842B3CC89400CE9505 /* PersonCell.swift in Sources */ = {isa = PBXBuildFile; fileRef = 40C3C3832B3CC89400CE9505 /* PersonCell.swift */; };
		40F8A5902B49EE39005FE654 /* RxSwift in Frameworks */ = {isa = PBXBuildFile; productRef = 40F8A58F2B49EE39005FE654 /* RxSwift */; };
		40F8A5992B49EEB7005FE654 /* PersonDaoRepository.swift in Sources */ = {isa = PBXBuildFile; fileRef = 40F8A5982B49EEB7005FE654 /* PersonDaoRepository.swift */; };
		40F8A59C2B49EEF6005FE654 /* HomePageViewModel.swift in Sources */ = {isa = PBXBuildFile; fileRef = 40F8A59B2B49EEF6005FE654 /* HomePageViewModel.swift */; };
		40F8A59E2B49EF0B005FE654 /* PersonRegisterViewModel.swift in Sources */ = {isa = PBXBuildFile; fileRef = 40F8A59D2B49EF0B005FE654 /* PersonRegisterViewModel.swift */; };
		40F8A5A02B49EF16005FE654 /* PersonDetailViewModel.swift in Sources */ = {isa = PBXBuildFile; fileRef = 40F8A59F2B49EF16005FE654 /* PersonDetailViewModel.swift */; };
/* End PBXBuildFile section */

/* Begin PBXFileReference section */
		4071D66C2B4D921D008D4662 /* libsqlite3.tbd */ = {isa = PBXFileReference; lastKnownFileType = "sourcecode.text-based-dylib-definition"; name = libsqlite3.tbd; path = usr/lib/libsqlite3.tbd; sourceTree = SDKROOT; };
		4071D66D2B4D929A008D4662 /* ContactsApp-Bridging-Header.h */ = {isa = PBXFileReference; lastKnownFileType = sourcecode.c.h; path = "ContactsApp-Bridging-Header.h"; sourceTree = "<group>"; };
		4071D66E2B4D929B008D4662 /* FMDatabasePool.h */ = {isa = PBXFileReference; fileEncoding = 4; lastKnownFileType = sourcecode.c.h; path = FMDatabasePool.h; sourceTree = "<group>"; };
		4071D66F2B4D929B008D4662 /* FMDatabase.m */ = {isa = PBXFileReference; fileEncoding = 4; lastKnownFileType = sourcecode.c.objc; path = FMDatabase.m; sourceTree = "<group>"; };
		4071D6702B4D929B008D4662 /* FMDatabaseQueue.m */ = {isa = PBXFileReference; fileEncoding = 4; lastKnownFileType = sourcecode.c.objc; path = FMDatabaseQueue.m; sourceTree = "<group>"; };
		4071D6712B4D929B008D4662 /* FMDB.h */ = {isa = PBXFileReference; fileEncoding = 4; lastKnownFileType = sourcecode.c.h; path = FMDB.h; sourceTree = "<group>"; };
		4071D6722B4D929B008D4662 /* FMDatabaseAdditions.h */ = {isa = PBXFileReference; fileEncoding = 4; lastKnownFileType = sourcecode.c.h; path = FMDatabaseAdditions.h; sourceTree = "<group>"; };
		4071D6732B4D929B008D4662 /* FMDatabasePool.m */ = {isa = PBXFileReference; fileEncoding = 4; lastKnownFileType = sourcecode.c.objc; path = FMDatabasePool.m; sourceTree = "<group>"; };
		4071D6742B4D929B008D4662 /* FMDatabaseQueue.h */ = {isa = PBXFileReference; fileEncoding = 4; lastKnownFileType = sourcecode.c.h; path = FMDatabaseQueue.h; sourceTree = "<group>"; };
		4071D6752B4D929B008D4662 /* FMResultSet.h */ = {isa = PBXFileReference; fileEncoding = 4; lastKnownFileType = sourcecode.c.h; path = FMResultSet.h; sourceTree = "<group>"; };
		4071D6762B4D929B008D4662 /* FMResultSet.m */ = {isa = PBXFileReference; fileEncoding = 4; lastKnownFileType = sourcecode.c.objc; path = FMResultSet.m; sourceTree = "<group>"; };
		4071D6772B4D929B008D4662 /* FMDatabase.h */ = {isa = PBXFileReference; fileEncoding = 4; lastKnownFileType = sourcecode.c.h; path = FMDatabase.h; sourceTree = "<group>"; };
		4071D6782B4D929B008D4662 /* FMDatabaseAdditions.m */ = {isa = PBXFileReference; fileEncoding = 4; lastKnownFileType = sourcecode.c.objc; path = FMDatabaseAdditions.m; sourceTree = "<group>"; };
		4071D6802B4DDCA6008D4662 /* directory.sqlite */ = {isa = PBXFileReference; lastKnownFileType = file; name = directory.sqlite; path = ../../directory.sqlite; sourceTree = "<group>"; };
		40C3C3612B3C635200CE9505 /* ContactsApp.app */ = {isa = PBXFileReference; explicitFileType = wrapper.application; includeInIndex = 0; path = ContactsApp.app; sourceTree = BUILT_PRODUCTS_DIR; };
		40C3C3642B3C635200CE9505 /* AppDelegate.swift */ = {isa = PBXFileReference; lastKnownFileType = sourcecode.swift; path = AppDelegate.swift; sourceTree = "<group>"; };
		40C3C3662B3C635200CE9505 /* SceneDelegate.swift */ = {isa = PBXFileReference; lastKnownFileType = sourcecode.swift; path = SceneDelegate.swift; sourceTree = "<group>"; };
		40C3C3682B3C635200CE9505 /* HomePage.swift */ = {isa = PBXFileReference; lastKnownFileType = sourcecode.swift; path = HomePage.swift; sourceTree = "<group>"; };
		40C3C36B2B3C635200CE9505 /* Base */ = {isa = PBXFileReference; lastKnownFileType = file.storyboard; name = Base; path = Base.lproj/Main.storyboard; sourceTree = "<group>"; };
		40C3C36D2B3C635300CE9505 /* Assets.xcassets */ = {isa = PBXFileReference; lastKnownFileType = folder.assetcatalog; path = Assets.xcassets; sourceTree = "<group>"; };
		40C3C3702B3C635300CE9505 /* Base */ = {isa = PBXFileReference; lastKnownFileType = file.storyboard; name = Base; path = Base.lproj/LaunchScreen.storyboard; sourceTree = "<group>"; };
		40C3C3722B3C635300CE9505 /* Info.plist */ = {isa = PBXFileReference; lastKnownFileType = text.plist.xml; path = Info.plist; sourceTree = "<group>"; };
		40C3C37C2B3C648400CE9505 /* PersonRegistration.swift */ = {isa = PBXFileReference; lastKnownFileType = sourcecode.swift; path = PersonRegistration.swift; sourceTree = "<group>"; };
		40C3C37E2B3C64A400CE9505 /* PersonDetail.swift */ = {isa = PBXFileReference; lastKnownFileType = sourcecode.swift; path = PersonDetail.swift; sourceTree = "<group>"; };
		40C3C3802B3C654800CE9505 /* Persons.swift */ = {isa = PBXFileReference; lastKnownFileType = sourcecode.swift; path = Persons.swift; sourceTree = "<group>"; };
		40C3C3832B3CC89400CE9505 /* PersonCell.swift */ = {isa = PBXFileReference; lastKnownFileType = sourcecode.swift; path = PersonCell.swift; sourceTree = "<group>"; };
		40F8A5982B49EEB7005FE654 /* PersonDaoRepository.swift */ = {isa = PBXFileReference; lastKnownFileType = sourcecode.swift; path = PersonDaoRepository.swift; sourceTree = "<group>"; };
		40F8A59B2B49EEF6005FE654 /* HomePageViewModel.swift */ = {isa = PBXFileReference; lastKnownFileType = sourcecode.swift; path = HomePageViewModel.swift; sourceTree = "<group>"; };
		40F8A59D2B49EF0B005FE654 /* PersonRegisterViewModel.swift */ = {isa = PBXFileReference; lastKnownFileType = sourcecode.swift; path = PersonRegisterViewModel.swift; sourceTree = "<group>"; };
		40F8A59F2B49EF16005FE654 /* PersonDetailViewModel.swift */ = {isa = PBXFileReference; lastKnownFileType = sourcecode.swift; path = PersonDetailViewModel.swift; sourceTree = "<group>"; };
/* End PBXFileReference section */

/* Begin PBXFrameworksBuildPhase section */
		40C3C35E2B3C635200CE9505 /* Frameworks */ = {
			isa = PBXFrameworksBuildPhase;
			buildActionMask = 2147483647;
			files = (
				40F8A5902B49EE39005FE654 /* RxSwift in Frameworks */,
			);
			runOnlyForDeploymentPostprocessing = 0;
		};
/* End PBXFrameworksBuildPhase section */

/* Begin PBXGroup section */
		4071D66B2B4D921D008D4662 /* Frameworks */ = {
			isa = PBXGroup;
			children = (
				4071D66C2B4D921D008D4662 /* libsqlite3.tbd */,
			);
			name = Frameworks;
			sourceTree = "<group>";
		};
		40C3C3582B3C635200CE9505 = {
			isa = PBXGroup;
			children = (
				40C3C3632B3C635200CE9505 /* ContactsApp */,
				40C3C3622B3C635200CE9505 /* Products */,
				4071D66B2B4D921D008D4662 /* Frameworks */,
			);
			sourceTree = "<group>";
		};
		40C3C3622B3C635200CE9505 /* Products */ = {
			isa = PBXGroup;
			children = (
				40C3C3612B3C635200CE9505 /* ContactsApp.app */,
			);
			name = Products;
			sourceTree = "<group>";
		};
		40C3C3632B3C635200CE9505 /* ContactsApp */ = {
			isa = PBXGroup;
			children = (
				40C3C3642B3C635200CE9505 /* AppDelegate.swift */,
				40C3C3662B3C635200CE9505 /* SceneDelegate.swift */,
				40C3C3792B3C642600CE9505 /* UI */,
				40C3C3782B3C641B00CE9505 /* DATA */,
				40C3C36A2B3C635200CE9505 /* Main.storyboard */,
				40C3C36D2B3C635300CE9505 /* Assets.xcassets */,
				40C3C36F2B3C635300CE9505 /* LaunchScreen.storyboard */,
				40C3C3722B3C635300CE9505 /* Info.plist */,
				4071D6772B4D929B008D4662 /* FMDatabase.h */,
				4071D66F2B4D929B008D4662 /* FMDatabase.m */,
				4071D6722B4D929B008D4662 /* FMDatabaseAdditions.h */,
				4071D6782B4D929B008D4662 /* FMDatabaseAdditions.m */,
				4071D66E2B4D929B008D4662 /* FMDatabasePool.h */,
				4071D6732B4D929B008D4662 /* FMDatabasePool.m */,
				4071D6742B4D929B008D4662 /* FMDatabaseQueue.h */,
				4071D6702B4D929B008D4662 /* FMDatabaseQueue.m */,
				4071D6712B4D929B008D4662 /* FMDB.h */,
				4071D6752B4D929B008D4662 /* FMResultSet.h */,
				4071D6762B4D929B008D4662 /* FMResultSet.m */,
				4071D66D2B4D929A008D4662 /* ContactsApp-Bridging-Header.h */,
				4071D6802B4DDCA6008D4662 /* directory.sqlite */,
			);
			path = ContactsApp;
			sourceTree = "<group>";
		};
		40C3C3782B3C641B00CE9505 /* DATA */ = {
			isa = PBXGroup;
			children = (
				40F8A5972B49EE97005FE654 /* repo */,
				40C3C37A2B3C644100CE9505 /* Entity */,
			);
			path = DATA;
			sourceTree = "<group>";
		};
		40C3C3792B3C642600CE9505 /* UI */ = {
			isa = PBXGroup;
			children = (
				40F8A59A2B49EECE005FE654 /* viewModel */,
				40C3C3822B3CC86E00CE9505 /* tableView */,
				40C3C37B2B3C644D00CE9505 /* views */,
			);
			path = UI;
			sourceTree = "<group>";
		};
		40C3C37A2B3C644100CE9505 /* Entity */ = {
			isa = PBXGroup;
			children = (
				40C3C3802B3C654800CE9505 /* Persons.swift */,
			);
			path = Entity;
			sourceTree = "<group>";
		};
		40C3C37B2B3C644D00CE9505 /* views */ = {
			isa = PBXGroup;
			children = (
				40C3C3682B3C635200CE9505 /* HomePage.swift */,
				40C3C37C2B3C648400CE9505 /* PersonRegistration.swift */,
				40C3C37E2B3C64A400CE9505 /* PersonDetail.swift */,
			);
			path = views;
			sourceTree = "<group>";
		};
		40C3C3822B3CC86E00CE9505 /* tableView */ = {
			isa = PBXGroup;
			children = (
				40C3C3832B3CC89400CE9505 /* PersonCell.swift */,
			);
			path = tableView;
			sourceTree = "<group>";
		};
		40F8A5972B49EE97005FE654 /* repo */ = {
			isa = PBXGroup;
			children = (
				40F8A5982B49EEB7005FE654 /* PersonDaoRepository.swift */,
			);
			path = repo;
			sourceTree = "<group>";
		};
		40F8A59A2B49EECE005FE654 /* viewModel */ = {
			isa = PBXGroup;
			children = (
				40F8A59B2B49EEF6005FE654 /* HomePageViewModel.swift */,
				40F8A59D2B49EF0B005FE654 /* PersonRegisterViewModel.swift */,
				40F8A59F2B49EF16005FE654 /* PersonDetailViewModel.swift */,
			);
			path = viewModel;
			sourceTree = "<group>";
		};
/* End PBXGroup section */

/* Begin PBXNativeTarget section */
		40C3C3602B3C635200CE9505 /* ContactsApp */ = {
			isa = PBXNativeTarget;
			buildConfigurationList = 40C3C3752B3C635300CE9505 /* Build configuration list for PBXNativeTarget "ContactsApp" */;
			buildPhases = (
				40C3C35D2B3C635200CE9505 /* Sources */,
				40C3C35E2B3C635200CE9505 /* Frameworks */,
				40C3C35F2B3C635200CE9505 /* Resources */,
			);
			buildRules = (
			);
			dependencies = (
			);
			name = ContactsApp;
			packageProductDependencies = (
				40F8A58F2B49EE39005FE654 /* RxSwift */,
			);
			productName = ContactsApp;
			productReference = 40C3C3612B3C635200CE9505 /* ContactsApp.app */;
			productType = "com.apple.product-type.application";
		};
/* End PBXNativeTarget section */

/* Begin PBXProject section */
		40C3C3592B3C635200CE9505 /* Project object */ = {
			isa = PBXProject;
			attributes = {
				BuildIndependentTargetsInParallel = 1;
				LastSwiftUpdateCheck = 1510;
				LastUpgradeCheck = 1510;
				TargetAttributes = {
					40C3C3602B3C635200CE9505 = {
						CreatedOnToolsVersion = 15.1;
						LastSwiftMigration = 1510;
					};
				};
			};
			buildConfigurationList = 40C3C35C2B3C635200CE9505 /* Build configuration list for PBXProject "ContactsApp" */;
			compatibilityVersion = "Xcode 14.0";
			developmentRegion = en;
			hasScannedForEncodings = 0;
			knownRegions = (
				en,
				Base,
			);
			mainGroup = 40C3C3582B3C635200CE9505;
			packageReferences = (
				40F8A5822B49EE39005FE654 /* XCRemoteSwiftPackageReference "RxSwift" */,
			);
			productRefGroup = 40C3C3622B3C635200CE9505 /* Products */;
			projectDirPath = "";
			projectRoot = "";
			targets = (
				40C3C3602B3C635200CE9505 /* ContactsApp */,
			);
		};
/* End PBXProject section */

/* Begin PBXResourcesBuildPhase section */
		40C3C35F2B3C635200CE9505 /* Resources */ = {
			isa = PBXResourcesBuildPhase;
			buildActionMask = 2147483647;
			files = (
				40C3C3712B3C635300CE9505 /* LaunchScreen.storyboard in Resources */,
				4071D6812B4DDCA6008D4662 /* directory.sqlite in Resources */,
				40C3C36E2B3C635300CE9505 /* Assets.xcassets in Resources */,
				40C3C36C2B3C635200CE9505 /* Main.storyboard in Resources */,
			);
			runOnlyForDeploymentPostprocessing = 0;
		};
/* End PBXResourcesBuildPhase section */

/* Begin PBXSourcesBuildPhase section */
		40C3C35D2B3C635200CE9505 /* Sources */ = {
			isa = PBXSourcesBuildPhase;
			buildActionMask = 2147483647;
			files = (
				40C3C3812B3C654800CE9505 /* Persons.swift in Sources */,
				40C3C3692B3C635200CE9505 /* HomePage.swift in Sources */,
				40F8A59C2B49EEF6005FE654 /* HomePageViewModel.swift in Sources */,
				4071D6792B4D929B008D4662 /* FMDatabase.m in Sources */,
				4071D67A2B4D929B008D4662 /* FMDatabaseQueue.m in Sources */,
				40C3C37D2B3C648400CE9505 /* PersonRegistration.swift in Sources */,
				40F8A59E2B49EF0B005FE654 /* PersonRegisterViewModel.swift in Sources */,
				4071D67D2B4D929B008D4662 /* FMDatabaseAdditions.m in Sources */,
				40F8A5A02B49EF16005FE654 /* PersonDetailViewModel.swift in Sources */,
				40C3C3652B3C635200CE9505 /* AppDelegate.swift in Sources */,
				4071D67C2B4D929B008D4662 /* FMResultSet.m in Sources */,
				40C3C37F2B3C64A400CE9505 /* PersonDetail.swift in Sources */,
				40C3C3672B3C635200CE9505 /* SceneDelegate.swift in Sources */,
				4071D67B2B4D929B008D4662 /* FMDatabasePool.m in Sources */,
				40C3C3842B3CC89400CE9505 /* PersonCell.swift in Sources */,
				40F8A5992B49EEB7005FE654 /* PersonDaoRepository.swift in Sources */,
			);
			runOnlyForDeploymentPostprocessing = 0;
		};
/* End PBXSourcesBuildPhase section */

/* Begin PBXVariantGroup section */
		40C3C36A2B3C635200CE9505 /* Main.storyboard */ = {
			isa = PBXVariantGroup;
			children = (
				40C3C36B2B3C635200CE9505 /* Base */,
			);
			name = Main.storyboard;
			sourceTree = "<group>";
		};
		40C3C36F2B3C635300CE9505 /* LaunchScreen.storyboard */ = {
			isa = PBXVariantGroup;
			children = (
				40C3C3702B3C635300CE9505 /* Base */,
			);
			name = LaunchScreen.storyboard;
			sourceTree = "<group>";
		};
/* End PBXVariantGroup section */

/* Begin XCBuildConfiguration section */
		40C3C3732B3C635300CE9505 /* Debug */ = {
			isa = XCBuildConfiguration;
			buildSettings = {
				ALWAYS_SEARCH_USER_PATHS = NO;
				ASSETCATALOG_COMPILER_GENERATE_SWIFT_ASSET_SYMBOL_EXTENSIONS = YES;
				CLANG_ANALYZER_NONNULL = YES;
				CLANG_ANALYZER_NUMBER_OBJECT_CONVERSION = YES_AGGRESSIVE;
				CLANG_CXX_LANGUAGE_STANDARD = "gnu++20";
				CLANG_ENABLE_MODULES = YES;
				CLANG_ENABLE_OBJC_ARC = YES;
				CLANG_ENABLE_OBJC_WEAK = YES;
				CLANG_WARN_BLOCK_CAPTURE_AUTORELEASING = YES;
				CLANG_WARN_BOOL_CONVERSION = YES;
				CLANG_WARN_COMMA = YES;
				CLANG_WARN_CONSTANT_CONVERSION = YES;
				CLANG_WARN_DEPRECATED_OBJC_IMPLEMENTATIONS = YES;
				CLANG_WARN_DIRECT_OBJC_ISA_USAGE = YES_ERROR;
				CLANG_WARN_DOCUMENTATION_COMMENTS = YES;
				CLANG_WARN_EMPTY_BODY = YES;
				CLANG_WARN_ENUM_CONVERSION = YES;
				CLANG_WARN_INFINITE_RECURSION = YES;
				CLANG_WARN_INT_CONVERSION = YES;
				CLANG_WARN_NON_LITERAL_NULL_CONVERSION = YES;
				CLANG_WARN_OBJC_IMPLICIT_RETAIN_SELF = YES;
				CLANG_WARN_OBJC_LITERAL_CONVERSION = YES;
				CLANG_WARN_OBJC_ROOT_CLASS = YES_ERROR;
				CLANG_WARN_QUOTED_INCLUDE_IN_FRAMEWORK_HEADER = YES;
				CLANG_WARN_RANGE_LOOP_ANALYSIS = YES;
				CLANG_WARN_STRICT_PROTOTYPES = YES;
				CLANG_WARN_SUSPICIOUS_MOVE = YES;
				CLANG_WARN_UNGUARDED_AVAILABILITY = YES_AGGRESSIVE;
				CLANG_WARN_UNREACHABLE_CODE = YES;
				CLANG_WARN__DUPLICATE_METHOD_MATCH = YES;
				COPY_PHASE_STRIP = NO;
				DEBUG_INFORMATION_FORMAT = dwarf;
				ENABLE_STRICT_OBJC_MSGSEND = YES;
				ENABLE_TESTABILITY = YES;
				ENABLE_USER_SCRIPT_SANDBOXING = YES;
				GCC_C_LANGUAGE_STANDARD = gnu17;
				GCC_DYNAMIC_NO_PIC = NO;
				GCC_NO_COMMON_BLOCKS = YES;
				GCC_OPTIMIZATION_LEVEL = 0;
				GCC_PREPROCESSOR_DEFINITIONS = (
					"DEBUG=1",
					"$(inherited)",
				);
				GCC_WARN_64_TO_32_BIT_CONVERSION = YES;
				GCC_WARN_ABOUT_RETURN_TYPE = YES_ERROR;
				GCC_WARN_UNDECLARED_SELECTOR = YES;
				GCC_WARN_UNINITIALIZED_AUTOS = YES_AGGRESSIVE;
				GCC_WARN_UNUSED_FUNCTION = YES;
				GCC_WARN_UNUSED_VARIABLE = YES;
				IPHONEOS_DEPLOYMENT_TARGET = 17.2;
				LOCALIZATION_PREFERS_STRING_CATALOGS = YES;
				MTL_ENABLE_DEBUG_INFO = INCLUDE_SOURCE;
				MTL_FAST_MATH = YES;
				ONLY_ACTIVE_ARCH = YES;
				SDKROOT = iphoneos;
				SWIFT_ACTIVE_COMPILATION_CONDITIONS = "DEBUG $(inherited)";
				SWIFT_OPTIMIZATION_LEVEL = "-Onone";
			};
			name = Debug;
		};
		40C3C3742B3C635300CE9505 /* Release */ = {
			isa = XCBuildConfiguration;
			buildSettings = {
				ALWAYS_SEARCH_USER_PATHS = NO;
				ASSETCATALOG_COMPILER_GENERATE_SWIFT_ASSET_SYMBOL_EXTENSIONS = YES;
				CLANG_ANALYZER_NONNULL = YES;
				CLANG_ANALYZER_NUMBER_OBJECT_CONVERSION = YES_AGGRESSIVE;
				CLANG_CXX_LANGUAGE_STANDARD = "gnu++20";
				CLANG_ENABLE_MODULES = YES;
				CLANG_ENABLE_OBJC_ARC = YES;
				CLANG_ENABLE_OBJC_WEAK = YES;
				CLANG_WARN_BLOCK_CAPTURE_AUTORELEASING = YES;
				CLANG_WARN_BOOL_CONVERSION = YES;
				CLANG_WARN_COMMA = YES;
				CLANG_WARN_CONSTANT_CONVERSION = YES;
				CLANG_WARN_DEPRECATED_OBJC_IMPLEMENTATIONS = YES;
				CLANG_WARN_DIRECT_OBJC_ISA_USAGE = YES_ERROR;
				CLANG_WARN_DOCUMENTATION_COMMENTS = YES;
				CLANG_WARN_EMPTY_BODY = YES;
				CLANG_WARN_ENUM_CONVERSION = YES;
				CLANG_WARN_INFINITE_RECURSION = YES;
				CLANG_WARN_INT_CONVERSION = YES;
				CLANG_WARN_NON_LITERAL_NULL_CONVERSION = YES;
				CLANG_WARN_OBJC_IMPLICIT_RETAIN_SELF = YES;
				CLANG_WARN_OBJC_LITERAL_CONVERSION = YES;
				CLANG_WARN_OBJC_ROOT_CLASS = YES_ERROR;
				CLANG_WARN_QUOTED_INCLUDE_IN_FRAMEWORK_HEADER = YES;
				CLANG_WARN_RANGE_LOOP_ANALYSIS = YES;
				CLANG_WARN_STRICT_PROTOTYPES = YES;
				CLANG_WARN_SUSPICIOUS_MOVE = YES;
				CLANG_WARN_UNGUARDED_AVAILABILITY = YES_AGGRESSIVE;
				CLANG_WARN_UNREACHABLE_CODE = YES;
				CLANG_WARN__DUPLICATE_METHOD_MATCH = YES;
				COPY_PHASE_STRIP = NO;
				DEBUG_INFORMATION_FORMAT = "dwarf-with-dsym";
				ENABLE_NS_ASSERTIONS = NO;
				ENABLE_STRICT_OBJC_MSGSEND = YES;
				ENABLE_USER_SCRIPT_SANDBOXING = YES;
				GCC_C_LANGUAGE_STANDARD = gnu17;
				GCC_NO_COMMON_BLOCKS = YES;
				GCC_WARN_64_TO_32_BIT_CONVERSION = YES;
				GCC_WARN_ABOUT_RETURN_TYPE = YES_ERROR;
				GCC_WARN_UNDECLARED_SELECTOR = YES;
				GCC_WARN_UNINITIALIZED_AUTOS = YES_AGGRESSIVE;
				GCC_WARN_UNUSED_FUNCTION = YES;
				GCC_WARN_UNUSED_VARIABLE = YES;
				IPHONEOS_DEPLOYMENT_TARGET = 17.2;
				LOCALIZATION_PREFERS_STRING_CATALOGS = YES;
				MTL_ENABLE_DEBUG_INFO = NO;
				MTL_FAST_MATH = YES;
				SDKROOT = iphoneos;
				SWIFT_COMPILATION_MODE = wholemodule;
				VALIDATE_PRODUCT = YES;
			};
			name = Release;
		};
		40C3C3762B3C635300CE9505 /* Debug */ = {
			isa = XCBuildConfiguration;
			buildSettings = {
				ASSETCATALOG_COMPILER_APPICON_NAME = AppIcon;
				ASSETCATALOG_COMPILER_GLOBAL_ACCENT_COLOR_NAME = AccentColor;
				CLANG_ENABLE_MODULES = YES;
				CODE_SIGN_STYLE = Automatic;
				CURRENT_PROJECT_VERSION = 1;
				DEVELOPMENT_TEAM = 3Q3DUU9XD7;
				GENERATE_INFOPLIST_FILE = YES;
				INFOPLIST_FILE = ContactsApp/Info.plist;
				INFOPLIST_KEY_UIApplicationSupportsIndirectInputEvents = YES;
				INFOPLIST_KEY_UILaunchStoryboardName = LaunchScreen;
				INFOPLIST_KEY_UIMainStoryboardFile = Main;
				INFOPLIST_KEY_UISupportedInterfaceOrientations_iPad = "UIInterfaceOrientationPortrait UIInterfaceOrientationPortraitUpsideDown UIInterfaceOrientationLandscapeLeft UIInterfaceOrientationLandscapeRight";
				INFOPLIST_KEY_UISupportedInterfaceOrientations_iPhone = "UIInterfaceOrientationPortrait UIInterfaceOrientationLandscapeLeft UIInterfaceOrientationLandscapeRight";
				LD_RUNPATH_SEARCH_PATHS = (
					"$(inherited)",
					"@executable_path/Frameworks",
				);
				MARKETING_VERSION = 1.0;
				PRODUCT_BUNDLE_IDENTIFIER = com.yusufakbas.ContactsApp;
				PRODUCT_NAME = "$(TARGET_NAME)";
				SWIFT_EMIT_LOC_STRINGS = YES;
				SWIFT_OBJC_BRIDGING_HEADER = "ContactsApp/ContactsApp-Bridging-Header.h";
				SWIFT_OPTIMIZATION_LEVEL = "-Onone";
				SWIFT_VERSION = 5.0;
				TARGETED_DEVICE_FAMILY = "1,2";
			};
			name = Debug;
		};
		40C3C3772B3C635300CE9505 /* Release */ = {
			isa = XCBuildConfiguration;
			buildSettings = {
				ASSETCATALOG_COMPILER_APPICON_NAME = AppIcon;
				ASSETCATALOG_COMPILER_GLOBAL_ACCENT_COLOR_NAME = AccentColor;
				CLANG_ENABLE_MODULES = YES;
				CODE_SIGN_STYLE = Automatic;
				CURRENT_PROJECT_VERSION = 1;
				DEVELOPMENT_TEAM = 3Q3DUU9XD7;
				GENERATE_INFOPLIST_FILE = YES;
				INFOPLIST_FILE = ContactsApp/Info.plist;
				INFOPLIST_KEY_UIApplicationSupportsIndirectInputEvents = YES;
				INFOPLIST_KEY_UILaunchStoryboardName = LaunchScreen;
				INFOPLIST_KEY_UIMainStoryboardFile = Main;
				INFOPLIST_KEY_UISupportedInterfaceOrientations_iPad = "UIInterfaceOrientationPortrait UIInterfaceOrientationPortraitUpsideDown UIInterfaceOrientationLandscapeLeft UIInterfaceOrientationLandscapeRight";
				INFOPLIST_KEY_UISupportedInterfaceOrientations_iPhone = "UIInterfaceOrientationPortrait UIInterfaceOrientationLandscapeLeft UIInterfaceOrientationLandscapeRight";
				LD_RUNPATH_SEARCH_PATHS = (
					"$(inherited)",
					"@executable_path/Frameworks",
				);
				MARKETING_VERSION = 1.0;
				PRODUCT_BUNDLE_IDENTIFIER = com.yusufakbas.ContactsApp;
				PRODUCT_NAME = "$(TARGET_NAME)";
				SWIFT_EMIT_LOC_STRINGS = YES;
				SWIFT_OBJC_BRIDGING_HEADER = "ContactsApp/ContactsApp-Bridging-Header.h";
				SWIFT_VERSION = 5.0;
				TARGETED_DEVICE_FAMILY = "1,2";
			};
			name = Release;
		};
/* End XCBuildConfiguration section */

/* Begin XCConfigurationList section */
		40C3C35C2B3C635200CE9505 /* Build configuration list for PBXProject "ContactsApp" */ = {
			isa = XCConfigurationList;
			buildConfigurations = (
				40C3C3732B3C635300CE9505 /* Debug */,
				40C3C3742B3C635300CE9505 /* Release */,
			);
			defaultConfigurationIsVisible = 0;
			defaultConfigurationName = Release;
		};
		40C3C3752B3C635300CE9505 /* Build configuration list for PBXNativeTarget "ContactsApp" */ = {
			isa = XCConfigurationList;
			buildConfigurations = (
				40C3C3762B3C635300CE9505 /* Debug */,
				40C3C3772B3C635300CE9505 /* Release */,
			);
			defaultConfigurationIsVisible = 0;
			defaultConfigurationName = Release;
		};
/* End XCConfigurationList section */

/* Begin XCRemoteSwiftPackageReference section */
		40F8A5822B49EE39005FE654 /* XCRemoteSwiftPackageReference "RxSwift" */ = {
			isa = XCRemoteSwiftPackageReference;
			repositoryURL = "https://github.com/ReactiveX/RxSwift.git";
			requirement = {
				kind = upToNextMajorVersion;
				minimumVersion = 6.6.0;
			};
		};
/* End XCRemoteSwiftPackageReference section */

/* Begin XCSwiftPackageProductDependency section */
		40F8A58F2B49EE39005FE654 /* RxSwift */ = {
			isa = XCSwiftPackageProductDependency;
			package = 40F8A5822B49EE39005FE654 /* XCRemoteSwiftPackageReference "RxSwift" */;
			productName = RxSwift;
		};
/* End XCSwiftPackageProductDependency section */
	};
	rootObject = 40C3C3592B3C635200CE9505 /* Project object */;
}
